
Microsoft Visual Studio Solution File, Format Version 12.00
# Visual Studio 15
VisualStudioVersion = 15.0.28307.168
MinimumVisualStudioVersion = 10.0.40219.1
Project("{FAE04EC0-301F-11D3-BF4B-00C04F79EFBC}") = "Projeto01", "Projeto01\Projeto01.csproj", "{0D294DE3-71FC-4370-92D8-93363E501EB7}"
EndProject
Project("{FAE04EC0-301F-11D3-BF4B-00C04F79EFBC}") = "Projeto02", "Projeto02\Projeto02.csproj", "{57DABA2F-6F24-4FBA-BA5D-3C36DD0B2D7B}"
EndProject
Global
	GlobalSection(SolutionConfigurationPlatforms) = preSolution
		Debug|Any CPU = Debug|Any CPU
		Release|Any CPU = Release|Any CPU
	EndGlobalSection
	GlobalSection(ProjectConfigurationPlatforms) = postSolution
		{0D294DE3-71FC-4370-92D8-93363E501EB7}.Debug|Any CPU.ActiveCfg = Debug|Any CPU
		{0D294DE3-71FC-4370-92D8-93363E501EB7}.Debug|Any CPU.Build.0 = Debug|Any CPU
		{0D294DE3-71FC-4370-92D8-93363E501EB7}.Release|Any CPU.ActiveCfg = Release|Any CPU
		{0D294DE3-71FC-4370-92D8-93363E501EB7}.Release|Any CPU.Build.0 = Release|Any CPU
		{57DABA2F-6F24-4FBA-BA5D-3C36DD0B2D7B}.Debug|Any CPU.ActiveCfg = Debug|Any CPU
		{57DABA2F-6F24-4FBA-BA5D-3C36DD0B2D7B}.Debug|Any CPU.Build.0 = Debug|Any CPU
		{57DABA2F-6F24-4FBA-BA5D-3C36DD0B2D7B}.Release|Any CPU.ActiveCfg = Release|Any CPU
		{57DABA2F-6F24-4FBA-BA5D-3C36DD0B2D7B}.Release|Any CPU.Build.0 = Release|Any CPU
	EndGlobalSection
	GlobalSection(SolutionProperties) = preSolution
		HideSolutionNode = FALSE
	EndGlobalSection
	GlobalSection(ExtensibilityGlobals) = postSolution
		SolutionGuid = {967799B1-EE93-4CC1-9E23-4D66CAC270A8}
	EndGlobalSection
EndGlobal
